
Microsoft Visual Studio Solution File, Format Version 12.00
# Visual Studio Version 16
VisualStudioVersion = 16.0.30717.126
MinimumVisualStudioVersion = 10.0.40219.1
Project("{FAE04EC0-301F-11D3-BF4B-00C04F79EFBC}") = "Blazor.DoctorsOffice", "Blazor.DoctorsOffice\Blazor.DoctorsOffice.csproj", "{B3ADB7A6-29AB-4604-9E32-003D825E0714}"
EndProject
Global
	GlobalSection(SolutionConfigurationPlatforms) = preSolution
		Debug|Any CPU = Debug|Any CPU
		Release|Any CPU = Release|Any CPU
	EndGlobalSection
	GlobalSection(ProjectConfigurationPlatforms) = postSolution
		{B3ADB7A6-29AB-4604-9E32-003D825E0714}.Debug|Any CPU.ActiveCfg = Debug|Any CPU
		{B3ADB7A6-29AB-4604-9E32-003D825E0714}.Debug|Any CPU.Build.0 = Debug|Any CPU
		{B3ADB7A6-29AB-4604-9E32-003D825E0714}.Release|Any CPU.ActiveCfg = Release|Any CPU
		{B3ADB7A6-29AB-4604-9E32-003D825E0714}.Release|Any CPU.Build.0 = Release|Any CPU
	EndGlobalSection
	GlobalSection(SolutionProperties) = preSolution
		HideSolutionNode = FALSE
	EndGlobalSection
	GlobalSection(ExtensibilityGlobals) = postSolution
		SolutionGuid = {F4CE2A40-195B-446C-AA2B-157273B8FA40}
	EndGlobalSection
EndGlobal
